{
  "name": "Notebook",
  "lockfileVersion": 3,
  "requires": true,
  "packages": {
    "": {
      "dependencies": {
        "@dnd-kit/core": "^6.3.1",
        "@tauri-apps/api": "^2.6.0",
        "@tauri-apps/plugin-opener": "^2.4.0",
        "@tauri-apps/plugin-shell": "^2.3.0",
        "react": "18.2.0",
        "react-dom": "18.2.0"
      },
      "devDependencies": {
        "@tauri-apps/cli": "^2.5.0"
      }
    },
    "node_modules/@dnd-kit/accessibility": {
      "version": "3.1.1",
      "resolved": "https://registry.npmjs.org/@dnd-kit/accessibility/-/accessibility-3.1.1.tgz",
      "integrity": "sha512-2P+YgaXF+gRsIihwwY1gCsQSYnu9Zyj2py8kY5fFvUM1qm2WA2u639R6YNVfU4GWr+ZM5mqEsfHZZLoRONbemw==",
      "license": "MIT",
      "dependencies": {
        "tslib": "^2.0.0"
      },
      "peerDependencies": {
        "react": ">=16.8.0"
      }
    },
    "node_modules/@dnd-kit/core": {
      "version": "6.3.1",
      "resolved": "https://registry.npmjs.org/@dnd-kit/core/-/core-6.3.1.tgz",
      "integrity": "sha512-xkGBRQQab4RLwgXxoqETICr6S5JlogafbhNsidmrkVv2YRs5MLwpjoF2qpiGjQt8S9AoxtIV603s0GIUpY5eYQ==",
      "license": "MIT",
      "dependencies": {
        "@dnd-kit/accessibility": "^3.1.1",
        "@dnd-kit/utilities": "^3.2.2",
        "tslib": "^2.0.0"
      },
      "peerDependencies": {
        "react": ">=16.8.0",
        "react-dom": ">=16.8.0"
      }
    },
    "node_modules/@dnd-kit/utilities": {
      "version": "3.2.2",
      "resolved": "https://registry.npmjs.org/@dnd-kit/utilities/-/utilities-3.2.2.tgz",
      "integrity": "sha512-+MKAJEOfaBe5SmV6t34p80MMKhjvUz0vRrvVJbPT0WElzaOJ/1xs+D+KDv+tD/NE5ujfrChEcshd4fLn0wpiqg==",
      "license": "MIT",
      "dependencies": {
        "tslib": "^2.0.0"
      },
      "peerDependencies": {
        "react": ">=16.8.0"
      }
    },
    "node_modules/@tauri-apps/api": {
      "version": "2.6.0",
      "resolved": "https://registry.npmjs.org/@tauri-apps/api/-/api-2.6.0.tgz",
      "integrity": "sha512-hRNcdercfgpzgFrMXWwNDBN0B7vNzOzRepy6ZAmhxi5mDLVPNrTpo9MGg2tN/F7JRugj4d2aF7E1rtPXAHaetg==",
      "license": "Apache-2.0 OR MIT",
      "funding": {
        "type": "opencollective",
        "url": "https://opencollective.com/tauri"
      }
    },
    "node_modules/@tauri-apps/cli": {
      "version": "2.5.0",
      "resolved": "https://registry.npmjs.org/@tauri-apps/cli/-/cli-2.5.0.tgz",
      "integrity": "sha512-rAtHqG0Gh/IWLjN2zTf3nZqYqbo81oMbqop56rGTjrlWk9pTTAjkqOjSL9XQLIMZ3RbeVjveCqqCA0s8RnLdMg==",
      "dev": true,
      "license": "Apache-2.0 OR MIT",
      "bin": {
        "tauri": "tauri.js"
      },
      "engines": {
        "node": ">= 10"
      },
      "funding": {
        "type": "opencollective",
        "url": "https://opencollective.com/tauri"
      },
      "optionalDependencies": {
        "@tauri-apps/cli-darwin-arm64": "2.5.0",
        "@tauri-apps/cli-darwin-x64": "2.5.0",
        "@tauri-apps/cli-linux-arm-gnueabihf": "2.5.0",
        "@tauri-apps/cli-linux-arm64-gnu": "2.5.0",
        "@tauri-apps/cli-linux-arm64-musl": "2.5.0",
        "@tauri-apps/cli-linux-riscv64-gnu": "2.5.0",
        "@tauri-apps/cli-linux-x64-gnu": "2.5.0",
        "@tauri-apps/cli-linux-x64-musl": "2.5.0",
        "@tauri-apps/cli-win32-arm64-msvc": "2.5.0",
        "@tauri-apps/cli-win32-ia32-msvc": "2.5.0",
        "@tauri-apps/cli-win32-x64-msvc": "2.5.0"
      }
    },
    "node_modules/@tauri-apps/cli-darwin-arm64": {
      "version": "2.5.0",
      "resolved": "https://registry.npmjs.org/@tauri-apps/cli-darwin-arm64/-/cli-darwin-arm64-2.5.0.tgz",
      "integrity": "sha512-VuVAeTFq86dfpoBDNYAdtQVLbP0+2EKCHIIhkaxjeoPARR0sLpFHz2zs0PcFU76e+KAaxtEtAJAXGNUc8E1PzQ==",
      "cpu": [
        "arm64"
      ],
      "dev": true,
      "license": "Apache-2.0 OR MIT",
      "optional": true,
      "os": [
        "darwin"
      ],
      "engines": {
        "node": ">= 10"
      }
    },
    "node_modules/@tauri-apps/cli-darwin-x64": {
      "version": "2.5.0",
      "resolved": "https://registry.npmjs.org/@tauri-apps/cli-darwin-x64/-/cli-darwin-x64-2.5.0.tgz",
      "integrity": "sha512-hUF01sC06cZVa8+I0/VtsHOk9BbO75rd+YdtHJ48xTdcYaQ5QIwL4yZz9OR1AKBTaUYhBam8UX9Pvd5V2/4Dpw==",
      "cpu": [
        "x64"
      ],
      "dev": true,
      "license": "Apache-2.0 OR MIT",
      "optional": true,
      "os": [
        "darwin"
      ],
      "engines": {
        "node": ">= 10"
      }
    },
    "node_modules/@tauri-apps/cli-linux-arm-gnueabihf": {
      "version": "2.5.0",
      "resolved": "https://registry.npmjs.org/@tauri-apps/cli-linux-arm-gnueabihf/-/cli-linux-arm-gnueabihf-2.5.0.tgz",
      "integrity": "sha512-LQKqttsK252LlqYyX8R02MinUsfFcy3+NZiJwHFgi5Y3+ZUIAED9cSxJkyNtuY5KMnR4RlpgWyLv4P6akN1xhg==",
      "cpu": [
        "arm"
      ],
      "dev": true,
      "license": "Apache-2.0 OR MIT",
      "optional": true,
      "os": [
        "linux"
      ],
      "engines": {
        "node": ">= 10"
      }
    },
    "node_modules/@tauri-apps/cli-linux-arm64-gnu": {
      "version": "2.5.0",
      "resolved": "https://registry.npmjs.org/@tauri-apps/cli-linux-arm64-gnu/-/cli-linux-arm64-gnu-2.5.0.tgz",
      "integrity": "sha512-mTQufsPcpdHg5RW0zypazMo4L55EfeE5snTzrPqbLX4yCK2qalN7+rnP8O8GT06xhp6ElSP/Ku1M2MR297SByQ==",
      "cpu": [
        "arm64"
      ],
      "dev": true,
      "license": "Apache-2.0 OR MIT",
      "optional": true,
      "os": [
        "linux"
      ],
      "engines": {
        "node": ">= 10"
      }
    },
    "node_modules/@tauri-apps/cli-linux-arm64-musl": {
      "version": "2.5.0",
      "resolved": "https://registry.npmjs.org/@tauri-apps/cli-linux-arm64-musl/-/cli-linux-arm64-musl-2.5.0.tgz",
      "integrity": "sha512-rQO1HhRUQqyEaal5dUVOQruTRda/TD36s9kv1hTxZiFuSq3558lsTjAcUEnMAtBcBkps20sbyTJNMT0AwYIk8Q==",
      "cpu": [
        "arm64"
      ],
      "dev": true,
      "license": "Apache-2.0 OR MIT",
      "optional": true,
      "os": [
        "linux"
      ],
      "engines": {
        "node": ">= 10"
      }
    },
    "node_modules/@tauri-apps/cli-linux-riscv64-gnu": {
      "version": "2.5.0",
      "resolved": "https://registry.npmjs.org/@tauri-apps/cli-linux-riscv64-gnu/-/cli-linux-riscv64-gnu-2.5.0.tgz",
      "integrity": "sha512-7oS18FN46yDxyw1zX/AxhLAd7T3GrLj3Ai6s8hZKd9qFVzrAn36ESL7d3G05s8wEtsJf26qjXnVF4qleS3dYsA==",
      "cpu": [
        "riscv64"
      ],
      "dev": true,
      "license": "Apache-2.0 OR MIT",
      "optional": true,
      "os": [
        "linux"
      ],
      "engines": {
        "node": ">= 10"
      }
    },
    "node_modules/@tauri-apps/cli-linux-x64-gnu": {
      "version": "2.5.0",
      "resolved": "https://registry.npmjs.org/@tauri-apps/cli-linux-x64-gnu/-/cli-linux-x64-gnu-2.5.0.tgz",
      "integrity": "sha512-SG5sFNL7VMmDBdIg3nO3EzNRT306HsiEQ0N90ILe3ZABYAVoPDO/ttpCO37ApLInTzrq/DLN+gOlC/mgZvLw1w==",
      "cpu": [
        "x64"
      ],
      "dev": true,
      "license": "Apache-2.0 OR MIT",
      "optional": true,
      "os": [
        "linux"
      ],
      "engines": {
        "node": ">= 10"
      }
    },
    "node_modules/@tauri-apps/cli-linux-x64-musl": {
      "version": "2.5.0",
      "resolved": "https://registry.npmjs.org/@tauri-apps/cli-linux-x64-musl/-/cli-linux-x64-musl-2.5.0.tgz",
      "integrity": "sha512-QXDM8zp/6v05PNWju5ELsVwF0VH1n6b5pk2E6W/jFbbiwz80Vs1lACl9pv5kEHkrxBj+aWU/03JzGuIj2g3SkQ==",
      "cpu": [
        "x64"
      ],
      "dev": true,
      "license": "Apache-2.0 OR MIT",
      "optional": true,
      "os": [
        "linux"
      ],
      "engines": {
        "node": ">= 10"
      }
    },
    "node_modules/@tauri-apps/cli-win32-arm64-msvc": {
      "version": "2.5.0",
      "resolved": "https://registry.npmjs.org/@tauri-apps/cli-win32-arm64-msvc/-/cli-win32-arm64-msvc-2.5.0.tgz",
      "integrity": "sha512-pFSHFK6b+o9y4Un8w0gGLwVyFTZaC3P0kQ7umRt/BLDkzD5RnQ4vBM7CF8BCU5nkwmEBUCZd7Wt3TWZxe41o6Q==",
      "cpu": [
        "arm64"
      ],
      "dev": true,
      "license": "Apache-2.0 OR MIT",
      "optional": true,
      "os": [
        "win32"
      ],
      "engines": {
        "node": ">= 10"
      }
    },
    "node_modules/@tauri-apps/cli-win32-ia32-msvc": {
      "version": "2.5.0",
      "resolved": "https://registry.npmjs.org/@tauri-apps/cli-win32-ia32-msvc/-/cli-win32-ia32-msvc-2.5.0.tgz",
      "integrity": "sha512-EArv1IaRlogdLAQyGlKmEqZqm5RfHCUMhJoedWu7GtdbOMUfSAz6FMX2boE1PtEmNO4An+g188flLeVErrxEKg==",
      "cpu": [
        "ia32"
      ],
      "dev": true,
      "license": "Apache-2.0 OR MIT",
      "optional": true,
      "os": [
        "win32"
      ],
      "engines": {
        "node": ">= 10"
      }
    },
    "node_modules/@tauri-apps/cli-win32-x64-msvc": {
      "version": "2.5.0",
      "resolved": "https://registry.npmjs.org/@tauri-apps/cli-win32-x64-msvc/-/cli-win32-x64-msvc-2.5.0.tgz",
      "integrity": "sha512-lj43EFYbnAta8pd9JnUq87o+xRUR0odz+4rixBtTUwUgdRdwQ2V9CzFtsMu6FQKpFQ6mujRK6P1IEwhL6ADRsQ==",
      "cpu": [
        "x64"
      ],
      "dev": true,
      "license": "Apache-2.0 OR MIT",
      "optional": true,
      "os": [
        "win32"
      ],
      "engines": {
        "node": ">= 10"
      }
    },
    "node_modules/@tauri-apps/plugin-opener": {
      "version": "2.4.0",
      "resolved": "https://registry.npmjs.org/@tauri-apps/plugin-opener/-/plugin-opener-2.4.0.tgz",
      "integrity": "sha512-43VyN8JJtvKWJY72WI/KNZszTpDpzHULFxQs0CJBIYUdCRowQ6Q1feWTDb979N7nldqSuDOaBupZ6wz2nvuWwQ==",
      "license": "MIT OR Apache-2.0",
      "dependencies": {
        "@tauri-apps/api": "^2.6.0"
      }
    },
    "node_modules/@tauri-apps/plugin-shell": {
      "version": "2.3.0",
      "resolved": "https://registry.npmjs.org/@tauri-apps/plugin-shell/-/plugin-shell-2.3.0.tgz",
      "integrity": "sha512-6GIRxO2z64uxPX4CCTuhQzefvCC0ew7HjdBhMALiGw74vFBDY95VWueAHOHgNOMV4UOUAFupyidN9YulTe5xlA==",
      "license": "MIT OR Apache-2.0",
      "dependencies": {
        "@tauri-apps/api": "^2.6.0"
      }
    },
    "node_modules/js-tokens": {
      "version": "4.0.0",
      "resolved": "https://registry.npmjs.org/js-tokens/-/js-tokens-4.0.0.tgz",
      "integrity": "sha512-RdJUflcE3cUzKiMqQgsCu06FPu9UdIJO0beYbPhHN4k6apgJtifcoCtT9bcxOpYBtpD2kCM6Sbzg4CausW/PKQ==",
      "license": "MIT"
    },
    "node_modules/loose-envify": {
      "version": "1.4.0",
      "resolved": "https://registry.npmjs.org/loose-envify/-/loose-envify-1.4.0.tgz",
      "integrity": "sha512-lyuxPGr/Wfhrlem2CL/UcnUc1zcqKAImBDzukY7Y5F/yQiNdko6+fRLevlw1HgMySw7f611UIY408EtxRSoK3Q==",
      "license": "MIT",
      "dependencies": {
        "js-tokens": "^3.0.0 || ^4.0.0"
      },
      "bin": {
        "loose-envify": "cli.js"
      }
    },
    "node_modules/react": {
      "version": "18.2.0",
      "resolved": "https://registry.npmjs.org/react/-/react-18.2.0.tgz",
      "integrity": "sha512-/3IjMdb2L9QbBdWiW5e3P2/npwMBaU9mHCSCUzNln0ZCYbcfTsGbTJrU/kGemdH2IWmB2ioZ+zkxtmq6g09fGQ==",
      "license": "MIT",
      "dependencies": {
        "loose-envify": "^1.1.0"
      },
      "engines": {
        "node": ">=0.10.0"
      }
    },
    "node_modules/react-dom": {
      "version": "18.2.0",
      "resolved": "https://registry.npmjs.org/react-dom/-/react-dom-18.2.0.tgz",
      "integrity": "sha512-6IMTriUmvsjHUjNtEDudZfuDQUoWXVxKHhlEGSk81n4YFS+r/Kl99wXiwlVXtPBtJenozv2P+hxDsw9eA7Xo6g==",
      "license": "MIT",
      "dependencies": {
        "loose-envify": "^1.1.0",
        "scheduler": "^0.23.0"
      },
      "peerDependencies": {
        "react": "^18.2.0"
      }
    },
    "node_modules/scheduler": {
      "version": "0.23.2",
      "resolved": "https://registry.npmjs.org/scheduler/-/scheduler-0.23.2.tgz",
      "integrity": "sha512-UOShsPwz7NrMUqhR6t0hWjFduvOzbtv7toDH1/hIrfRNIDBnnBWd0CwJTGvTpngVlmwGCdP9/Zl/tVrDqcuYzQ==",
      "license": "MIT",
      "dependencies": {
        "loose-envify": "^1.1.0"
      }
    },
    "node_modules/tslib": {
      "version": "2.8.1",
      "resolved": "https://registry.npmjs.org/tslib/-/tslib-2.8.1.tgz",
      "integrity": "sha512-oJFu94HQb+KVduSUQL7wnpmqnfmLsOA/nAh6b6EH0wCEoK0/mPeXU6c3wKDV83MkOuHPRHtSXKKU99IBazS/2w==",
      "license": "0BSD"
    }
  }
}
